
Microsoft Visual Studio Solution File, Format Version 12.00
# Visual Studio Version 17
VisualStudioVersion = 17.6.33723.286
MinimumVisualStudioVersion = 10.0.40219.1
Project("{9A19103F-16F7-4668-BE54-9A1E7A4F7556}") = "Tuya2SNMP", "Tuya2SNMP\Tuya2SNMP.csproj", "{D42EBCC3-5EC4-47CB-A70C-9771AD9107D7}"
EndProject
Project("{9A19103F-16F7-4668-BE54-9A1E7A4F7556}") = "btoolbox-gui-general", "btoolbox-gui-general\btoolbox-gui-general.csproj", "{A45256EA-A5B6-468F-9367-71E75827D6C0}"
EndProject
Project("{9A19103F-16F7-4668-BE54-9A1E7A4F7556}") = "btoolbox-model-general", "btoolbox-model-general\btoolbox-model-general.csproj", "{9FF46B7A-1F21-4E5D-A31E-05BA09C1D42F}"
EndProject
Project("{9A19103F-16F7-4668-BE54-9A1E7A4F7556}") = "btoolbox-snmp", "btoolbox-snmp\btoolbox-snmp.csproj", "{CEEBDF44-6FCE-4B12-8BF7-A5F62593E827}"
EndProject
Project("{9A19103F-16F7-4668-BE54-9A1E7A4F7556}") = "btoolbox-xmldeserializer", "btoolbox-xmldeserializer\btoolbox-xmldeserializer.csproj", "{EF9A0452-1F55-44C9-AA5A-7C04C3210BC4}"
EndProject
Global
	GlobalSection(SolutionConfigurationPlatforms) = preSolution
		Debug|Any CPU = Debug|Any CPU
		Release|Any CPU = Release|Any CPU
	EndGlobalSection
	GlobalSection(ProjectConfigurationPlatforms) = postSolution
		{D42EBCC3-5EC4-47CB-A70C-9771AD9107D7}.Debug|Any CPU.ActiveCfg = Debug|Any CPU
		{D42EBCC3-5EC4-47CB-A70C-9771AD9107D7}.Debug|Any CPU.Build.0 = Debug|Any CPU
		{D42EBCC3-5EC4-47CB-A70C-9771AD9107D7}.Release|Any CPU.ActiveCfg = Release|Any CPU
		{D42EBCC3-5EC4-47CB-A70C-9771AD9107D7}.Release|Any CPU.Build.0 = Release|Any CPU
		{A45256EA-A5B6-468F-9367-71E75827D6C0}.Debug|Any CPU.ActiveCfg = Debug|Any CPU
		{A45256EA-A5B6-468F-9367-71E75827D6C0}.Debug|Any CPU.Build.0 = Debug|Any CPU
		{A45256EA-A5B6-468F-9367-71E75827D6C0}.Release|Any CPU.ActiveCfg = Release|Any CPU
		{A45256EA-A5B6-468F-9367-71E75827D6C0}.Release|Any CPU.Build.0 = Release|Any CPU
		{9FF46B7A-1F21-4E5D-A31E-05BA09C1D42F}.Debug|Any CPU.ActiveCfg = Debug|Any CPU
		{9FF46B7A-1F21-4E5D-A31E-05BA09C1D42F}.Debug|Any CPU.Build.0 = Debug|Any CPU
		{9FF46B7A-1F21-4E5D-A31E-05BA09C1D42F}.Release|Any CPU.ActiveCfg = Release|Any CPU
		{9FF46B7A-1F21-4E5D-A31E-05BA09C1D42F}.Release|Any CPU.Build.0 = Release|Any CPU
		{CEEBDF44-6FCE-4B12-8BF7-A5F62593E827}.Debug|Any CPU.ActiveCfg = Debug|Any CPU
		{CEEBDF44-6FCE-4B12-8BF7-A5F62593E827}.Debug|Any CPU.Build.0 = Debug|Any CPU
		{CEEBDF44-6FCE-4B12-8BF7-A5F62593E827}.Release|Any CPU.ActiveCfg = Release|Any CPU
		{CEEBDF44-6FCE-4B12-8BF7-A5F62593E827}.Release|Any CPU.Build.0 = Release|Any CPU
		{EF9A0452-1F55-44C9-AA5A-7C04C3210BC4}.Debug|Any CPU.ActiveCfg = Debug|Any CPU
		{EF9A0452-1F55-44C9-AA5A-7C04C3210BC4}.Debug|Any CPU.Build.0 = Debug|Any CPU
		{EF9A0452-1F55-44C9-AA5A-7C04C3210BC4}.Release|Any CPU.ActiveCfg = Release|Any CPU
		{EF9A0452-1F55-44C9-AA5A-7C04C3210BC4}.Release|Any CPU.Build.0 = Release|Any CPU
	EndGlobalSection
	GlobalSection(SolutionProperties) = preSolution
		HideSolutionNode = FALSE
	EndGlobalSection
	GlobalSection(ExtensibilityGlobals) = postSolution
		SolutionGuid = {9A7FE25C-76A0-4504-9EAE-08DBC7166FFC}
	EndGlobalSection
EndGlobal
