
Microsoft Visual Studio Solution File, Format Version 12.00
# Visual Studio Version 17
VisualStudioVersion = 17.6.33723.286
MinimumVisualStudioVersion = 10.0.40219.1
Project("{FAE04EC0-301F-11D3-BF4B-00C04F79EFBC}") = "Tuya2SNMP", "Tuya2SNMP\Tuya2SNMP.csproj", "{D42EBCC3-5EC4-47CB-A70C-9771AD9107D7}"
EndProject
Global
	GlobalSection(SolutionConfigurationPlatforms) = preSolution
		Debug|Any CPU = Debug|Any CPU
		Release|Any CPU = Release|Any CPU
	EndGlobalSection
	GlobalSection(ProjectConfigurationPlatforms) = postSolution
		{D42EBCC3-5EC4-47CB-A70C-9771AD9107D7}.Debug|Any CPU.ActiveCfg = Debug|Any CPU
		{D42EBCC3-5EC4-47CB-A70C-9771AD9107D7}.Debug|Any CPU.Build.0 = Debug|Any CPU
		{D42EBCC3-5EC4-47CB-A70C-9771AD9107D7}.Release|Any CPU.ActiveCfg = Release|Any CPU
		{D42EBCC3-5EC4-47CB-A70C-9771AD9107D7}.Release|Any CPU.Build.0 = Release|Any CPU
	EndGlobalSection
	GlobalSection(SolutionProperties) = preSolution
		HideSolutionNode = FALSE
	EndGlobalSection
	GlobalSection(ExtensibilityGlobals) = postSolution
		SolutionGuid = {9A7FE25C-76A0-4504-9EAE-08DBC7166FFC}
	EndGlobalSection
EndGlobal
